
Microsoft Visual Studio Solution File, Format Version 12.00
# Visual Studio Version 17
VisualStudioVersion = 17.7.34024.191
MinimumVisualStudioVersion = 10.0.40219.1
Project("{FAE04EC0-301F-11D3-BF4B-00C04F79EFBC}") = "2.11-1", "2.11-1\2.11-1.csproj", "{FEBFB1F9-F78A-4E0E-8AAD-A8DFD1020F04}"
EndProject
Global
	GlobalSection(SolutionConfigurationPlatforms) = preSolution
		Debug|Any CPU = Debug|Any CPU
		Release|Any CPU = Release|Any CPU
	EndGlobalSection
	GlobalSection(ProjectConfigurationPlatforms) = postSolution
		{FEBFB1F9-F78A-4E0E-8AAD-A8DFD1020F04}.Debug|Any CPU.ActiveCfg = Debug|Any CPU
		{FEBFB1F9-F78A-4E0E-8AAD-A8DFD1020F04}.Debug|Any CPU.Build.0 = Debug|Any CPU
		{FEBFB1F9-F78A-4E0E-8AAD-A8DFD1020F04}.Release|Any CPU.ActiveCfg = Release|Any CPU
		{FEBFB1F9-F78A-4E0E-8AAD-A8DFD1020F04}.Release|Any CPU.Build.0 = Release|Any CPU
	EndGlobalSection
	GlobalSection(SolutionProperties) = preSolution
		HideSolutionNode = FALSE
	EndGlobalSection
	GlobalSection(ExtensibilityGlobals) = postSolution
		SolutionGuid = {CC3872E2-89A6-490C-9822-CE4B41A1CFDB}
	EndGlobalSection
EndGlobal
